
Microsoft Visual Studio Solution File, Format Version 12.00
# Visual Studio Version 17
VisualStudioVersion = 17.8.34309.116
MinimumVisualStudioVersion = 10.0.40219.1
Project("{2150E333-8FDC-42A3-9474-1A3956D46DE8}") = "Security", "Security", "{2CE63AD4-FB6C-4BE0-AFDD-C187DDECA1C3}"
EndProject
Project("{2150E333-8FDC-42A3-9474-1A3956D46DE8}") = "Gateway", "Gateway", "{50131591-7C4F-4B2C-8B0A-8D718AB0B417}"
EndProject
Project("{2150E333-8FDC-42A3-9474-1A3956D46DE8}") = "Core", "Core", "{727D5A43-D46A-47FC-8128-CCDFAB78B8D6}"
EndProject
Project("{9A19103F-16F7-4668-BE54-9A1E7A4F7556}") = "Microservice.Gateway", "Microservice.Gateway\Microservice.Gateway.csproj", "{FF713FAE-F8DA-4333-9A35-898501CE525B}"
EndProject
Project("{9092AA53-FB77-4645-B42D-1CCCA6BD08BD}") = "Microservice.SettingApi", "Microservice.SettingApi\Microservice.SettingApi.njsproj", "{B84F697B-AD49-4A97-95C5-CD5C5FC0E9DD}"
EndProject
Project("{9A19103F-16F7-4668-BE54-9A1E7A4F7556}") = "Microservice.VehicleApi", "Microservice.VehicleApi\Microservice.VehicleApi.csproj", "{7761D614-9C82-4D8E-B159-B2D7B1665818}"
EndProject
Project("{9A19103F-16F7-4668-BE54-9A1E7A4F7556}") = "Microservice.MaintenanceApi", "Microservice.MaintenanceApi\Microservice.MaintenanceApi.csproj", "{0254ED43-2556-4425-A7CA-EC1C8E97781D}"
EndProject
Project("{9A19103F-16F7-4668-BE54-9A1E7A4F7556}") = "Microservice.SecurityApi", "Microservice.SecurityApi\Microservice.SecurityApi.csproj", "{12EDB48B-0275-40FB-84EB-32D8E5794F32}"
EndProject
Project("{2150E333-8FDC-42A3-9474-1A3956D46DE8}") = "Lib", "Lib", "{8CD70590-F39B-483E-B914-89BE1DB0CD7C}"
EndProject
Project("{9A19103F-16F7-4668-BE54-9A1E7A4F7556}") = "Microservice.IoC", "Microservice.IoC\Microservice.IoC.csproj", "{3E42A998-4C7A-4A91-9925-7FE82DDF34B0}"
EndProject
Global
	GlobalSection(SolutionConfigurationPlatforms) = preSolution
		Debug|Any CPU = Debug|Any CPU
		Release|Any CPU = Release|Any CPU
	EndGlobalSection
	GlobalSection(ProjectConfigurationPlatforms) = postSolution
		{FF713FAE-F8DA-4333-9A35-898501CE525B}.Debug|Any CPU.ActiveCfg = Debug|Any CPU
		{FF713FAE-F8DA-4333-9A35-898501CE525B}.Debug|Any CPU.Build.0 = Debug|Any CPU
		{FF713FAE-F8DA-4333-9A35-898501CE525B}.Release|Any CPU.ActiveCfg = Release|Any CPU
		{FF713FAE-F8DA-4333-9A35-898501CE525B}.Release|Any CPU.Build.0 = Release|Any CPU
		{B84F697B-AD49-4A97-95C5-CD5C5FC0E9DD}.Debug|Any CPU.ActiveCfg = Debug|Any CPU
		{B84F697B-AD49-4A97-95C5-CD5C5FC0E9DD}.Debug|Any CPU.Build.0 = Debug|Any CPU
		{B84F697B-AD49-4A97-95C5-CD5C5FC0E9DD}.Release|Any CPU.ActiveCfg = Release|Any CPU
		{B84F697B-AD49-4A97-95C5-CD5C5FC0E9DD}.Release|Any CPU.Build.0 = Release|Any CPU
		{7761D614-9C82-4D8E-B159-B2D7B1665818}.Debug|Any CPU.ActiveCfg = Debug|Any CPU
		{7761D614-9C82-4D8E-B159-B2D7B1665818}.Debug|Any CPU.Build.0 = Debug|Any CPU
		{7761D614-9C82-4D8E-B159-B2D7B1665818}.Release|Any CPU.ActiveCfg = Release|Any CPU
		{7761D614-9C82-4D8E-B159-B2D7B1665818}.Release|Any CPU.Build.0 = Release|Any CPU
		{0254ED43-2556-4425-A7CA-EC1C8E97781D}.Debug|Any CPU.ActiveCfg = Debug|Any CPU
		{0254ED43-2556-4425-A7CA-EC1C8E97781D}.Debug|Any CPU.Build.0 = Debug|Any CPU
		{0254ED43-2556-4425-A7CA-EC1C8E97781D}.Release|Any CPU.ActiveCfg = Release|Any CPU
		{0254ED43-2556-4425-A7CA-EC1C8E97781D}.Release|Any CPU.Build.0 = Release|Any CPU
		{12EDB48B-0275-40FB-84EB-32D8E5794F32}.Debug|Any CPU.ActiveCfg = Debug|Any CPU
		{12EDB48B-0275-40FB-84EB-32D8E5794F32}.Debug|Any CPU.Build.0 = Debug|Any CPU
		{12EDB48B-0275-40FB-84EB-32D8E5794F32}.Release|Any CPU.ActiveCfg = Release|Any CPU
		{12EDB48B-0275-40FB-84EB-32D8E5794F32}.Release|Any CPU.Build.0 = Release|Any CPU
		{3E42A998-4C7A-4A91-9925-7FE82DDF34B0}.Debug|Any CPU.ActiveCfg = Debug|Any CPU
		{3E42A998-4C7A-4A91-9925-7FE82DDF34B0}.Debug|Any CPU.Build.0 = Debug|Any CPU
		{3E42A998-4C7A-4A91-9925-7FE82DDF34B0}.Release|Any CPU.ActiveCfg = Release|Any CPU
		{3E42A998-4C7A-4A91-9925-7FE82DDF34B0}.Release|Any CPU.Build.0 = Release|Any CPU
	EndGlobalSection
	GlobalSection(SolutionProperties) = preSolution
		HideSolutionNode = FALSE
	EndGlobalSection
	GlobalSection(NestedProjects) = preSolution
		{FF713FAE-F8DA-4333-9A35-898501CE525B} = {50131591-7C4F-4B2C-8B0A-8D718AB0B417}
		{B84F697B-AD49-4A97-95C5-CD5C5FC0E9DD} = {727D5A43-D46A-47FC-8128-CCDFAB78B8D6}
		{7761D614-9C82-4D8E-B159-B2D7B1665818} = {727D5A43-D46A-47FC-8128-CCDFAB78B8D6}
		{0254ED43-2556-4425-A7CA-EC1C8E97781D} = {727D5A43-D46A-47FC-8128-CCDFAB78B8D6}
		{12EDB48B-0275-40FB-84EB-32D8E5794F32} = {2CE63AD4-FB6C-4BE0-AFDD-C187DDECA1C3}
		{3E42A998-4C7A-4A91-9925-7FE82DDF34B0} = {8CD70590-F39B-483E-B914-89BE1DB0CD7C}
	EndGlobalSection
	GlobalSection(ExtensibilityGlobals) = postSolution
		SolutionGuid = {11DE7B14-4BE5-4568-B4AD-EFAEFEA82F4D}
	EndGlobalSection
EndGlobal
