
Microsoft Visual Studio Solution File, Format Version 12.00
# Visual Studio Version 17
VisualStudioVersion = 17.8.34309.116
MinimumVisualStudioVersion = 10.0.40219.1
Project("{9A19103F-16F7-4668-BE54-9A1E7A4F7556}") = "BASE.WebApi", "BASE.WebApi\BASE.WebApi.csproj", "{10922FDA-A52C-40C6-971F-EFF7ED7F7212}"
EndProject
Project("{9A19103F-16F7-4668-BE54-9A1E7A4F7556}") = "BASE.AppCore", "BASE.AppCore\BASE.AppCore.csproj", "{AEAF042C-1AEB-4B38-BEFF-A82768C95672}"
EndProject
Project("{9A19103F-16F7-4668-BE54-9A1E7A4F7556}") = "BASE.IoC", "BASE.IoC\BASE.IoC.csproj", "{0D45C5FC-C745-45C7-B96A-040846EB09A4}"
EndProject
Project("{9A19103F-16F7-4668-BE54-9A1E7A4F7556}") = "BASE.Common", "BASE.Common\BASE.Common.csproj", "{21CA11FD-29F0-4224-8DF5-9FCBB88E2A4A}"
EndProject
Project("{9A19103F-16F7-4668-BE54-9A1E7A4F7556}") = "BASE.AppInfrastructure", "BASE.AppInfrastructure\BASE.AppInfrastructure.csproj", "{208984A3-D572-4891-B129-694443D76F58}"
EndProject
Global
	GlobalSection(SolutionConfigurationPlatforms) = preSolution
		Debug|Any CPU = Debug|Any CPU
		Release|Any CPU = Release|Any CPU
	EndGlobalSection
	GlobalSection(ProjectConfigurationPlatforms) = postSolution
		{10922FDA-A52C-40C6-971F-EFF7ED7F7212}.Debug|Any CPU.ActiveCfg = Debug|Any CPU
		{10922FDA-A52C-40C6-971F-EFF7ED7F7212}.Debug|Any CPU.Build.0 = Debug|Any CPU
		{10922FDA-A52C-40C6-971F-EFF7ED7F7212}.Release|Any CPU.ActiveCfg = Release|Any CPU
		{10922FDA-A52C-40C6-971F-EFF7ED7F7212}.Release|Any CPU.Build.0 = Release|Any CPU
		{AEAF042C-1AEB-4B38-BEFF-A82768C95672}.Debug|Any CPU.ActiveCfg = Debug|Any CPU
		{AEAF042C-1AEB-4B38-BEFF-A82768C95672}.Debug|Any CPU.Build.0 = Debug|Any CPU
		{AEAF042C-1AEB-4B38-BEFF-A82768C95672}.Release|Any CPU.ActiveCfg = Release|Any CPU
		{AEAF042C-1AEB-4B38-BEFF-A82768C95672}.Release|Any CPU.Build.0 = Release|Any CPU
		{0D45C5FC-C745-45C7-B96A-040846EB09A4}.Debug|Any CPU.ActiveCfg = Debug|Any CPU
		{0D45C5FC-C745-45C7-B96A-040846EB09A4}.Debug|Any CPU.Build.0 = Debug|Any CPU
		{0D45C5FC-C745-45C7-B96A-040846EB09A4}.Release|Any CPU.ActiveCfg = Release|Any CPU
		{0D45C5FC-C745-45C7-B96A-040846EB09A4}.Release|Any CPU.Build.0 = Release|Any CPU
		{21CA11FD-29F0-4224-8DF5-9FCBB88E2A4A}.Debug|Any CPU.ActiveCfg = Debug|Any CPU
		{21CA11FD-29F0-4224-8DF5-9FCBB88E2A4A}.Debug|Any CPU.Build.0 = Debug|Any CPU
		{21CA11FD-29F0-4224-8DF5-9FCBB88E2A4A}.Release|Any CPU.ActiveCfg = Release|Any CPU
		{21CA11FD-29F0-4224-8DF5-9FCBB88E2A4A}.Release|Any CPU.Build.0 = Release|Any CPU
		{208984A3-D572-4891-B129-694443D76F58}.Debug|Any CPU.ActiveCfg = Debug|Any CPU
		{208984A3-D572-4891-B129-694443D76F58}.Debug|Any CPU.Build.0 = Debug|Any CPU
		{208984A3-D572-4891-B129-694443D76F58}.Release|Any CPU.ActiveCfg = Release|Any CPU
		{208984A3-D572-4891-B129-694443D76F58}.Release|Any CPU.Build.0 = Release|Any CPU
	EndGlobalSection
	GlobalSection(SolutionProperties) = preSolution
		HideSolutionNode = FALSE
	EndGlobalSection
	GlobalSection(ExtensibilityGlobals) = postSolution
		SolutionGuid = {B9A6DBEF-4B78-48F4-AF0B-5AEF1D46BC3D}
	EndGlobalSection
EndGlobal
